PODS:
  - audio_session (0.0.1):
    - FlutterMacOS
  - desktop_drop (0.0.1):
    - FlutterMacOS
  - file_selector_macos (0.0.1):
    - FlutterMacOS
  - flutter_js (0.0.1):
    - FlutterMacOS
  - FlutterMacOS (1.0.0)
  - fvp (0.32.1):
    - Flutter
    - FlutterMacOS
    - mdk (~> 0.33.0)
  - just_audio (0.0.1):
    - Flutter
    - FlutterMacOS
  - mdk (0.33.1)
  - package_info_plus (0.0.1):
    - FlutterMacOS
  - path_provider_foundation (0.0.1):
    - Flutter
    - FlutterMacOS
  - printing (1.0.0):
    - FlutterMacOS
  - screen_retriever_macos (0.0.1):
    - FlutterMacOS
  - share_plus (0.0.1):
    - FlutterMacOS
  - shared_preferences_foundation (0.0.1):
    - Flutter
    - FlutterMacOS
  - url_launcher_macos (0.0.1):
    - FlutterMacOS
  - video_player_avfoundation (0.0.1):
    - Flutter
    - FlutterMacOS
  - window_manager (0.2.0):
    - FlutterMacOS
  - window_size (0.0.2):
    - FlutterMacOS

DEPENDENCIES:
  - audio_session (from `Flutter/ephemeral/.symlinks/plugins/audio_session/macos`)
  - desktop_drop (from `Flutter/ephemeral/.symlinks/plugins/desktop_drop/macos`)
  - file_selector_macos (from `Flutter/ephemeral/.symlinks/plugins/file_selector_macos/macos`)
  - flutter_js (from `Flutter/ephemeral/.symlinks/plugins/flutter_js/macos`)
  - FlutterMacOS (from `Flutter/ephemeral`)
  - fvp (from `Flutter/ephemeral/.symlinks/plugins/fvp/darwin`)
  - just_audio (from `Flutter/ephemeral/.symlinks/plugins/just_audio/darwin`)
  - package_info_plus (from `Flutter/ephemeral/.symlinks/plugins/package_info_plus/macos`)
  - path_provider_foundation (from `Flutter/ephemeral/.symlinks/plugins/path_provider_foundation/darwin`)
  - printing (from `Flutter/ephemeral/.symlinks/plugins/printing/macos`)
  - screen_retriever_macos (from `Flutter/ephemeral/.symlinks/plugins/screen_retriever_macos/macos`)
  - share_plus (from `Flutter/ephemeral/.symlinks/plugins/share_plus/macos`)
  - shared_preferences_foundation (from `Flutter/ephemeral/.symlinks/plugins/shared_preferences_foundation/darwin`)
  - url_launcher_macos (from `Flutter/ephemeral/.symlinks/plugins/url_launcher_macos/macos`)
  - video_player_avfoundation (from `Flutter/ephemeral/.symlinks/plugins/video_player_avfoundation/darwin`)
  - window_manager (from `Flutter/ephemeral/.symlinks/plugins/window_manager/macos`)
  - window_size (from `Flutter/ephemeral/.symlinks/plugins/window_size/macos`)

SPEC REPOS:
  trunk:
    - mdk

EXTERNAL SOURCES:
  audio_session:
    :path: Flutter/ephemeral/.symlinks/plugins/audio_session/macos
  desktop_drop:
    :path: Flutter/ephemeral/.symlinks/plugins/desktop_drop/macos
  file_selector_macos:
    :path: Flutter/ephemeral/.symlinks/plugins/file_selector_macos/macos
  flutter_js:
    :path: Flutter/ephemeral/.symlinks/plugins/flutter_js/macos
  FlutterMacOS:
    :path: Flutter/ephemeral
  fvp:
    :path: Flutter/ephemeral/.symlinks/plugins/fvp/darwin
  just_audio:
    :path: Flutter/ephemeral/.symlinks/plugins/just_audio/darwin
  package_info_plus:
    :path: Flutter/ephemeral/.symlinks/plugins/package_info_plus/macos
  path_provider_foundation:
    :path: Flutter/ephemeral/.symlinks/plugins/path_provider_foundation/darwin
  printing:
    :path: Flutter/ephemeral/.symlinks/plugins/printing/macos
  screen_retriever_macos:
    :path: Flutter/ephemeral/.symlinks/plugins/screen_retriever_macos/macos
  share_plus:
    :path: Flutter/ephemeral/.symlinks/plugins/share_plus/macos
  shared_preferences_foundation:
    :path: Flutter/ephemeral/.symlinks/plugins/shared_preferences_foundation/darwin
  url_launcher_macos:
    :path: Flutter/ephemeral/.symlinks/plugins/url_launcher_macos/macos
  video_player_avfoundation:
    :path: Flutter/ephemeral/.symlinks/plugins/video_player_avfoundation/darwin
  window_manager:
    :path: Flutter/ephemeral/.symlinks/plugins/window_manager/macos
  window_size:
    :path: Flutter/ephemeral/.symlinks/plugins/window_size/macos

SPEC CHECKSUMS:
  audio_session: 728ae3823d914f809c485d390274861a24b0904e
  desktop_drop: 69eeff437544aa619c8db7f4481b3a65f7696898
  file_selector_macos: cc3858c981fe6889f364731200d6232dac1d812d
  flutter_js: c664361655af1d8fc24e278c7d086e9cbe0d68bc
  FlutterMacOS: 8f6f14fa908a6fb3fba0cd85dbd81ec4b251fb24
  fvp: af1c18b421753e3a538361d86f41b2d0d6f9f277
  just_audio: a42c63806f16995daf5b219ae1d679deb76e6a79
  mdk: 622e3452cea55a982c0712ec9ce931d8ec718b22
  package_info_plus: 12f1c5c2cfe8727ca46cbd0b26677728972d9a5b
  path_provider_foundation: 2b6b4c569c0fb62ec74538f866245ac84301af46
  printing: 1dd6a1fce2209ec240698e2439a4adbb9b427637
  screen_retriever_macos: 776e0fa5d42c6163d2bf772d22478df4b302b161
  share_plus: 1fa619de8392a4398bfaf176d441853922614e89
  shared_preferences_foundation: fcdcbc04712aee1108ac7fda236f363274528f78
  url_launcher_macos: c82c93949963e55b228a30115bd219499a6fe404
  video_player_avfoundation: 7c6c11d8470e1675df7397027218274b6d2360b3
  window_manager: 3a1844359a6295ab1e47659b1a777e36773cd6e8
  window_size: 339dafa0b27a95a62a843042038fa6c3c48de195

PODFILE CHECKSUM: 7eb978b976557c8c1cd717d8185ec483fd090a82

COCOAPODS: 1.16.2
